
Microsoft Visual Studio Solution File, Format Version 12.00
# Visual Studio Version 16
VisualStudioVersion = 16.0.31129.286
MinimumVisualStudioVersion = 10.0.40219.1
Project("{FAE04EC0-301F-11D3-BF4B-00C04F79EFBC}") = "PO_Projekt", "PO_Projekt\PO_Projekt.csproj", "{1018AC77-C848-4D5F-B06C-B528B1E063DF}"
EndProject
Global
	GlobalSection(SolutionConfigurationPlatforms) = preSolution
		Debug|Any CPU = Debug|Any CPU
		Release|Any CPU = Release|Any CPU
	EndGlobalSection
	GlobalSection(ProjectConfigurationPlatforms) = postSolution
		{1018AC77-C848-4D5F-B06C-B528B1E063DF}.Debug|Any CPU.ActiveCfg = Debug|Any CPU
		{1018AC77-C848-4D5F-B06C-B528B1E063DF}.Debug|Any CPU.Build.0 = Debug|Any CPU
		{1018AC77-C848-4D5F-B06C-B528B1E063DF}.Release|Any CPU.ActiveCfg = Release|Any CPU
		{1018AC77-C848-4D5F-B06C-B528B1E063DF}.Release|Any CPU.Build.0 = Release|Any CPU
	EndGlobalSection
	GlobalSection(SolutionProperties) = preSolution
		HideSolutionNode = FALSE
	EndGlobalSection
	GlobalSection(ExtensibilityGlobals) = postSolution
		SolutionGuid = {BE6F62B5-B051-4577-8744-4BAE56678358}
	EndGlobalSection
EndGlobal
